# THIS IS AN AUTOGENERATED FILE. DO NOT EDIT THIS FILE DIRECTLY.
# yarn lockfile v1


"@types/node@^0.0.2":
  version "0.0.2"
  resolved "https://registry.yarnpkg.com/@types/node/-/node-0.0.2.tgz#0da4934902fbf68a97a0f53204a35ad2224917bc"

docopt@^0.6.2:
  version "0.6.2"
  resolved "https://registry.yarnpkg.com/docopt/-/docopt-0.6.2.tgz#b28e9e2220da5ec49f7ea5bb24a47787405eeb11"

dotenv@^2.0.0:
  version "2.0.0"
  resolved "https://registry.yarnpkg.com/dotenv/-/dotenv-2.0.0.tgz#bd759c357aaa70365e01c96b7b0bec08a6e0d949"

get-stdin@^4.0.1:
  version "4.0.1"
  resolved "https://registry.yarnpkg.com/get-stdin/-/get-stdin-4.0.1.tgz#b968c6b0a04384324902e8bf1a5df32579a450fe"

githubhook@^1.7.1:
  version "1.7.1"
  resolved "https://registry.yarnpkg.com/githubhook/-/githubhook-1.7.1.tgz#823ad024807ddd0b068525bad8754823a8e2ab58"
  dependencies:
    docopt "^0.6.2"
    multiline "^1.0.2"

multiline@^1.0.2:
  version "1.0.2"
  resolved "https://registry.yarnpkg.com/multiline/-/multiline-1.0.2.tgz#69b1f25ff074d2828904f244ddd06b7d96ef6c93"
  dependencies:
    strip-indent "^1.0.0"

strip-indent@^1.0.0:
  version "1.0.1"
  resolved "https://registry.yarnpkg.com/strip-indent/-/strip-indent-1.0.1.tgz#0c7962a6adefa7bbd4ac366460a638552ae1a0a2"
  dependencies:
    get-stdin "^4.0.1"
